// !$*UTF8*$!
{
	archiveVersion = 1;
	classes = {
	};
	objectVersion = 50;
	objects = {

/* Begin PBXBuildFile section */
		D6B043D525AC9357005DEDAE /* AppDelegate.swift in Sources */ = {isa = PBXBuildFile; fileRef = D6B043D425AC9357005DEDAE /* AppDelegate.swift */; };
		D6B043D725AC9357005DEDAE /* SceneDelegate.swift in Sources */ = {isa = PBXBuildFile; fileRef = D6B043D625AC9357005DEDAE /* SceneDelegate.swift */; };
		D6B043D925AC9357005DEDAE /* HomeController.swift in Sources */ = {isa = PBXBuildFile; fileRef = D6B043D825AC9357005DEDAE /* HomeController.swift */; };
		D6B043DC25AC9357005DEDAE /* Main.storyboard in Resources */ = {isa = PBXBuildFile; fileRef = D6B043DA25AC9357005DEDAE /* Main.storyboard */; };
		D6B043DE25AC9359005DEDAE /* Assets.xcassets in Resources */ = {isa = PBXBuildFile; fileRef = D6B043DD25AC9359005DEDAE /* Assets.xcassets */; };
		D6B043E125AC9359005DEDAE /* LaunchScreen.storyboard in Resources */ = {isa = PBXBuildFile; fileRef = D6B043DF25AC9359005DEDAE /* LaunchScreen.storyboard */; };
		D6B043EC25AC9359005DEDAE /* FortunaVulkanTests.swift in Sources */ = {isa = PBXBuildFile; fileRef = D6B043EB25AC9359005DEDAE /* FortunaVulkanTests.swift */; };
		D6B043F725AC935A005DEDAE /* FortunaVulkanUITests.swift in Sources */ = {isa = PBXBuildFile; fileRef = D6B043F625AC935A005DEDAE /* FortunaVulkanUITests.swift */; };
/* End PBXBuildFile section */

/* Begin PBXContainerItemProxy section */
		D6B043E825AC9359005DEDAE /* PBXContainerItemProxy */ = {
			isa = PBXContainerItemProxy;
			containerPortal = D6B043C925AC9357005DEDAE /* Project object */;
			proxyType = 1;
			remoteGlobalIDString = D6B043D025AC9357005DEDAE;
			remoteInfo = WKWebView;
		};
		D6B043F325AC9359005DEDAE /* PBXContainerItemProxy */ = {
			isa = PBXContainerItemProxy;
			containerPortal = D6B043C925AC9357005DEDAE /* Project object */;
			proxyType = 1;
			remoteGlobalIDString = D6B043D025AC9357005DEDAE;
			remoteInfo = WKWebView;
		};
/* End PBXContainerItemProxy section */

/* Begin PBXFileReference section */
		C6CCF1F325CEB2E100A9A971 /* ru */ = {isa = PBXFileReference; lastKnownFileType = text.plist.strings; name = ru; path = ru.lproj/Main.strings; sourceTree = "<group>"; };
		C6CCF1F425CEB2E100A9A971 /* ru */ = {isa = PBXFileReference; lastKnownFileType = text.plist.strings; name = ru; path = ru.lproj/LaunchScreen.strings; sourceTree = "<group>"; };
		D6B043D125AC9357005DEDAE /* Fortuna Vulkan.app */ = {isa = PBXFileReference; explicitFileType = wrapper.application; includeInIndex = 0; path = "Fortuna Vulkan.app"; sourceTree = BUILT_PRODUCTS_DIR; };
		D6B043D425AC9357005DEDAE /* AppDelegate.swift */ = {isa = PBXFileReference; lastKnownFileType = sourcecode.swift; path = AppDelegate.swift; sourceTree = "<group>"; };
		D6B043D625AC9357005DEDAE /* SceneDelegate.swift */ = {isa = PBXFileReference; lastKnownFileType = sourcecode.swift; path = SceneDelegate.swift; sourceTree = "<group>"; };
		D6B043D825AC9357005DEDAE /* HomeController.swift */ = {isa = PBXFileReference; lastKnownFileType = sourcecode.swift; path = HomeController.swift; sourceTree = "<group>"; };
		D6B043DB25AC9357005DEDAE /* Base */ = {isa = PBXFileReference; lastKnownFileType = file.storyboard; name = Base; path = Base.lproj/Main.storyboard; sourceTree = "<group>"; };
		D6B043DD25AC9359005DEDAE /* Assets.xcassets */ = {isa = PBXFileReference; lastKnownFileType = folder.assetcatalog; path = Assets.xcassets; sourceTree = "<group>"; };
		D6B043E025AC9359005DEDAE /* Base */ = {isa = PBXFileReference; lastKnownFileType = file.storyboard; name = Base; path = Base.lproj/LaunchScreen.storyboard; sourceTree = "<group>"; };
		D6B043E225AC9359005DEDAE /* Info.plist */ = {isa = PBXFileReference; lastKnownFileType = text.plist.xml; path = Info.plist; sourceTree = "<group>"; };
		D6B043E725AC9359005DEDAE /* Fortuna VulkanTests.xctest */ = {isa = PBXFileReference; explicitFileType = wrapper.cfbundle; includeInIndex = 0; path = "Fortuna VulkanTests.xctest"; sourceTree = BUILT_PRODUCTS_DIR; };
		D6B043EB25AC9359005DEDAE /* FortunaVulkanTests.swift */ = {isa = PBXFileReference; lastKnownFileType = sourcecode.swift; path = FortunaVulkanTests.swift; sourceTree = "<group>"; };
		D6B043ED25AC9359005DEDAE /* Info.plist */ = {isa = PBXFileReference; lastKnownFileType = text.plist.xml; path = Info.plist; sourceTree = "<group>"; };
		D6B043F225AC9359005DEDAE /* Fortuna VulkanUITests.xctest */ = {isa = PBXFileReference; explicitFileType = wrapper.cfbundle; includeInIndex = 0; path = "Fortuna VulkanUITests.xctest"; sourceTree = BUILT_PRODUCTS_DIR; };
		D6B043F625AC935A005DEDAE /* FortunaVulkanUITests.swift */ = {isa = PBXFileReference; lastKnownFileType = sourcecode.swift; path = FortunaVulkanUITests.swift; sourceTree = "<group>"; };
		D6B043F825AC935A005DEDAE /* Info.plist */ = {isa = PBXFileReference; lastKnownFileType = text.plist.xml; path = Info.plist; sourceTree = "<group>"; };
/* End PBXFileReference section */

/* Begin PBXFrameworksBuildPhase section */
		D6B043CE25AC9357005DEDAE /* Frameworks */ = {
			isa = PBXFrameworksBuildPhase;
			buildActionMask = 2147483647;
			files = (
			);
			runOnlyForDeploymentPostprocessing = 0;
		};
		D6B043E425AC9359005DEDAE /* Frameworks */ = {
			isa = PBXFrameworksBuildPhase;
			buildActionMask = 2147483647;
			files = (
			);
			runOnlyForDeploymentPostprocessing = 0;
		};
		D6B043EF25AC9359005DEDAE /* Frameworks */ = {
			isa = PBXFrameworksBuildPhase;
			buildActionMask = 2147483647;
			files = (
			);
			runOnlyForDeploymentPostprocessing = 0;
		};
/* End PBXFrameworksBuildPhase section */

/* Begin PBXGroup section */
		D6B043C825AC9357005DEDAE = {
			isa = PBXGroup;
			children = (
				D6B043D325AC9357005DEDAE /* FortunaVulkan */,
				D6B043EA25AC9359005DEDAE /* FortunaVulkanTests */,
				D6B043F525AC935A005DEDAE /* FortunaVulkanUITests */,
				D6B043D225AC9357005DEDAE /* Products */,
			);
			sourceTree = "<group>";
		};
		D6B043D225AC9357005DEDAE /* Products */ = {
			isa = PBXGroup;
			children = (
				D6B043D125AC9357005DEDAE /* Fortuna Vulkan.app */,
				D6B043E725AC9359005DEDAE /* Fortuna VulkanTests.xctest */,
				D6B043F225AC9359005DEDAE /* Fortuna VulkanUITests.xctest */,
			);
			name = Products;
			sourceTree = "<group>";
		};
		D6B043D325AC9357005DEDAE /* FortunaVulkan */ = {
			isa = PBXGroup;
			children = (
				D6B043D425AC9357005DEDAE /* AppDelegate.swift */,
				D6B043D625AC9357005DEDAE /* SceneDelegate.swift */,
				D6B043D825AC9357005DEDAE /* HomeController.swift */,
				D6B043DA25AC9357005DEDAE /* Main.storyboard */,
				D6B043DD25AC9359005DEDAE /* Assets.xcassets */,
				D6B043DF25AC9359005DEDAE /* LaunchScreen.storyboard */,
				D6B043E225AC9359005DEDAE /* Info.plist */,
			);
			path = FortunaVulkan;
			sourceTree = "<group>";
		};
		D6B043EA25AC9359005DEDAE /* FortunaVulkanTests */ = {
			isa = PBXGroup;
			children = (
				D6B043EB25AC9359005DEDAE /* FortunaVulkanTests.swift */,
				D6B043ED25AC9359005DEDAE /* Info.plist */,
			);
			path = FortunaVulkanTests;
			sourceTree = "<group>";
		};
		D6B043F525AC935A005DEDAE /* FortunaVulkanUITests */ = {
			isa = PBXGroup;
			children = (
				D6B043F625AC935A005DEDAE /* FortunaVulkanUITests.swift */,
				D6B043F825AC935A005DEDAE /* Info.plist */,
			);
			path = FortunaVulkanUITests;
			sourceTree = "<group>";
		};
/* End PBXGroup section */

/* Begin PBXNativeTarget section */
		D6B043D025AC9357005DEDAE /* Fortuna Vulkan */ = {
			isa = PBXNativeTarget;
			buildConfigurationList = D6B043FB25AC935A005DEDAE /* Build configuration list for PBXNativeTarget "Fortuna Vulkan" */;
			buildPhases = (
				D6B043CD25AC9357005DEDAE /* Sources */,
				D6B043CE25AC9357005DEDAE /* Frameworks */,
				D6B043CF25AC9357005DEDAE /* Resources */,
			);
			buildRules = (
			);
			dependencies = (
			);
			name = "Fortuna Vulkan";
			productName = WKWebView;
			productReference = D6B043D125AC9357005DEDAE /* Fortuna Vulkan.app */;
			productType = "com.apple.product-type.application";
		};
		D6B043E625AC9359005DEDAE /* Fortuna VulkanTests */ = {
			isa = PBXNativeTarget;
			buildConfigurationList = D6B043FE25AC935A005DEDAE /* Build configuration list for PBXNativeTarget "Fortuna VulkanTests" */;
			buildPhases = (
				D6B043E325AC9359005DEDAE /* Sources */,
				D6B043E425AC9359005DEDAE /* Frameworks */,
				D6B043E525AC9359005DEDAE /* Resources */,
			);
			buildRules = (
			);
			dependencies = (
				D6B043E925AC9359005DEDAE /* PBXTargetDependency */,
			);
			name = "Fortuna VulkanTests";
			productName = WKWebViewTests;
			productReference = D6B043E725AC9359005DEDAE /* Fortuna VulkanTests.xctest */;
			productType = "com.apple.product-type.bundle.unit-test";
		};
		D6B043F125AC9359005DEDAE /* Fortuna VulkanUITests */ = {
			isa = PBXNativeTarget;
			buildConfigurationList = D6B0440125AC935A005DEDAE /* Build configuration list for PBXNativeTarget "Fortuna VulkanUITests" */;
			buildPhases = (
				D6B043EE25AC9359005DEDAE /* Sources */,
				D6B043EF25AC9359005DEDAE /* Frameworks */,
				D6B043F025AC9359005DEDAE /* Resources */,
			);
			buildRules = (
			);
			dependencies = (
				D6B043F425AC9359005DEDAE /* PBXTargetDependency */,
			);
			name = "Fortuna VulkanUITests";
			productName = WKWebViewUITests;
			productReference = D6B043F225AC9359005DEDAE /* Fortuna VulkanUITests.xctest */;
			productType = "com.apple.product-type.bundle.ui-testing";
		};
/* End PBXNativeTarget section */

/* Begin PBXProject section */
		D6B043C925AC9357005DEDAE /* Project object */ = {
			isa = PBXProject;
			attributes = {
				LastSwiftUpdateCheck = 1220;
				LastUpgradeCheck = 1220;
				TargetAttributes = {
					D6B043D025AC9357005DEDAE = {
						CreatedOnToolsVersion = 12.2;
					};
					D6B043E625AC9359005DEDAE = {
						CreatedOnToolsVersion = 12.2;
						TestTargetID = D6B043D025AC9357005DEDAE;
					};
					D6B043F125AC9359005DEDAE = {
						CreatedOnToolsVersion = 12.2;
						TestTargetID = D6B043D025AC9357005DEDAE;
					};
				};
			};
			buildConfigurationList = D6B043CC25AC9357005DEDAE /* Build configuration list for PBXProject "Fortuna Vulkan" */;
			compatibilityVersion = "Xcode 9.3";
			developmentRegion = en;
			hasScannedForEncodings = 0;
			knownRegions = (
				en,
				Base,
				ru,
			);
			mainGroup = D6B043C825AC9357005DEDAE;
			productRefGroup = D6B043D225AC9357005DEDAE /* Products */;
			projectDirPath = "";
			projectRoot = "";
			targets = (
				D6B043D025AC9357005DEDAE /* Fortuna Vulkan */,
				D6B043E625AC9359005DEDAE /* Fortuna VulkanTests */,
				D6B043F125AC9359005DEDAE /* Fortuna VulkanUITests */,
			);
		};
/* End PBXProject section */

/* Begin PBXResourcesBuildPhase section */
		D6B043CF25AC9357005DEDAE /* Resources */ = {
			isa = PBXResourcesBuildPhase;
			buildActionMask = 2147483647;
			files = (
				D6B043E125AC9359005DEDAE /* LaunchScreen.storyboard in Resources */,
				D6B043DE25AC9359005DEDAE /* Assets.xcassets in Resources */,
				D6B043DC25AC9357005DEDAE /* Main.storyboard in Resources */,
			);
			runOnlyForDeploymentPostprocessing = 0;
		};
		D6B043E525AC9359005DEDAE /* Resources */ = {
			isa = PBXResourcesBuildPhase;
			buildActionMask = 2147483647;
			files = (
			);
			runOnlyForDeploymentPostprocessing = 0;
		};
		D6B043F025AC9359005DEDAE /* Resources */ = {
			isa = PBXResourcesBuildPhase;
			buildActionMask = 2147483647;
			files = (
			);
			runOnlyForDeploymentPostprocessing = 0;
		};
/* End PBXResourcesBuildPhase section */

/* Begin PBXSourcesBuildPhase section */
		D6B043CD25AC9357005DEDAE /* Sources */ = {
			isa = PBXSourcesBuildPhase;
			buildActionMask = 2147483647;
			files = (
				D6B043D925AC9357005DEDAE /* HomeController.swift in Sources */,
				D6B043D525AC9357005DEDAE /* AppDelegate.swift in Sources */,
				D6B043D725AC9357005DEDAE /* SceneDelegate.swift in Sources */,
			);
			runOnlyForDeploymentPostprocessing = 0;
		};
		D6B043E325AC9359005DEDAE /* Sources */ = {
			isa = PBXSourcesBuildPhase;
			buildActionMask = 2147483647;
			files = (
				D6B043EC25AC9359005DEDAE /* FortunaVulkanTests.swift in Sources */,
			);
			runOnlyForDeploymentPostprocessing = 0;
		};
		D6B043EE25AC9359005DEDAE /* Sources */ = {
			isa = PBXSourcesBuildPhase;
			buildActionMask = 2147483647;
			files = (
				D6B043F725AC935A005DEDAE /* FortunaVulkanUITests.swift in Sources */,
			);
			runOnlyForDeploymentPostprocessing = 0;
		};
/* End PBXSourcesBuildPhase section */

/* Begin PBXTargetDependency section */
		D6B043E925AC9359005DEDAE /* PBXTargetDependency */ = {
			isa = PBXTargetDependency;
			target = D6B043D025AC9357005DEDAE /* Fortuna Vulkan */;
			targetProxy = D6B043E825AC9359005DEDAE /* PBXContainerItemProxy */;
		};
		D6B043F425AC9359005DEDAE /* PBXTargetDependency */ = {
			isa = PBXTargetDependency;
			target = D6B043D025AC9357005DEDAE /* Fortuna Vulkan */;
			targetProxy = D6B043F325AC9359005DEDAE /* PBXContainerItemProxy */;
		};
/* End PBXTargetDependency section */

/* Begin PBXVariantGroup section */
		D6B043DA25AC9357005DEDAE /* Main.storyboard */ = {
			isa = PBXVariantGroup;
			children = (
				D6B043DB25AC9357005DEDAE /* Base */,
				C6CCF1F325CEB2E100A9A971 /* ru */,
			);
			name = Main.storyboard;
			sourceTree = "<group>";
		};
		D6B043DF25AC9359005DEDAE /* LaunchScreen.storyboard */ = {
			isa = PBXVariantGroup;
			children = (
				D6B043E025AC9359005DEDAE /* Base */,
				C6CCF1F425CEB2E100A9A971 /* ru */,
			);
			name = LaunchScreen.storyboard;
			sourceTree = "<group>";
		};
/* End PBXVariantGroup section */

/* Begin XCBuildConfiguration section */
		D6B043F925AC935A005DEDAE /* Debug */ = {
			isa = XCBuildConfiguration;
			buildSettings = {
				ALWAYS_SEARCH_USER_PATHS = NO;
				CLANG_ANALYZER_LOCALIZABILITY_NONLOCALIZED = YES;
				CLANG_ANALYZER_NONNULL = YES;
				CLANG_ANALYZER_NUMBER_OBJECT_CONVERSION = YES_AGGRESSIVE;
				CLANG_CXX_LANGUAGE_STANDARD = "gnu++14";
				CLANG_CXX_LIBRARY = "libc++";
				CLANG_ENABLE_MODULES = YES;
				CLANG_ENABLE_OBJC_ARC = YES;
				CLANG_ENABLE_OBJC_WEAK = YES;
				CLANG_WARN_BLOCK_CAPTURE_AUTORELEASING = YES;
				CLANG_WARN_BOOL_CONVERSION = YES;
				CLANG_WARN_COMMA = YES;
				CLANG_WARN_CONSTANT_CONVERSION = YES;
				CLANG_WARN_DEPRECATED_OBJC_IMPLEMENTATIONS = YES;
				CLANG_WARN_DIRECT_OBJC_ISA_USAGE = YES_ERROR;
				CLANG_WARN_DOCUMENTATION_COMMENTS = YES;
				CLANG_WARN_EMPTY_BODY = YES;
				CLANG_WARN_ENUM_CONVERSION = YES;
				CLANG_WARN_INFINITE_RECURSION = YES;
				CLANG_WARN_INT_CONVERSION = YES;
				CLANG_WARN_NON_LITERAL_NULL_CONVERSION = YES;
				CLANG_WARN_OBJC_IMPLICIT_RETAIN_SELF = YES;
				CLANG_WARN_OBJC_LITERAL_CONVERSION = YES;
				CLANG_WARN_OBJC_ROOT_CLASS = YES_ERROR;
				CLANG_WARN_QUOTED_INCLUDE_IN_FRAMEWORK_HEADER = YES;
				CLANG_WARN_RANGE_LOOP_ANALYSIS = YES;
				CLANG_WARN_STRICT_PROTOTYPES = YES;
				CLANG_WARN_SUSPICIOUS_MOVE = YES;
				CLANG_WARN_UNGUARDED_AVAILABILITY = YES_AGGRESSIVE;
				CLANG_WARN_UNREACHABLE_CODE = YES;
				CLANG_WARN__DUPLICATE_METHOD_MATCH = YES;
				COPY_PHASE_STRIP = NO;
				DEBUG_INFORMATION_FORMAT = dwarf;
				ENABLE_STRICT_OBJC_MSGSEND = YES;
				ENABLE_TESTABILITY = YES;
				GCC_C_LANGUAGE_STANDARD = gnu11;
				GCC_DYNAMIC_NO_PIC = NO;
				GCC_NO_COMMON_BLOCKS = YES;
				GCC_OPTIMIZATION_LEVEL = 0;
				GCC_PREPROCESSOR_DEFINITIONS = (
					"DEBUG=1",
					"$(inherited)",
				);
				GCC_WARN_64_TO_32_BIT_CONVERSION = YES;
				GCC_WARN_ABOUT_RETURN_TYPE = YES_ERROR;
				GCC_WARN_UNDECLARED_SELECTOR = YES;
				GCC_WARN_UNINITIALIZED_AUTOS = YES_AGGRESSIVE;
				GCC_WARN_UNUSED_FUNCTION = YES;
				GCC_WARN_UNUSED_VARIABLE = YES;
				IPHONEOS_DEPLOYMENT_TARGET = 13.0;
				MTL_ENABLE_DEBUG_INFO = INCLUDE_SOURCE;
				MTL_FAST_MATH = YES;
				ONLY_ACTIVE_ARCH = YES;
				SDKROOT = iphoneos;
				SWIFT_ACTIVE_COMPILATION_CONDITIONS = DEBUG;
				SWIFT_OPTIMIZATION_LEVEL = "-Onone";
			};
			name = Debug;
		};
		D6B043FA25AC935A005DEDAE /* Release */ = {
			isa = XCBuildConfiguration;
			buildSettings = {
				ALWAYS_SEARCH_USER_PATHS = NO;
				CLANG_ANALYZER_LOCALIZABILITY_NONLOCALIZED = YES;
				CLANG_ANALYZER_NONNULL = YES;
				CLANG_ANALYZER_NUMBER_OBJECT_CONVERSION = YES_AGGRESSIVE;
				CLANG_CXX_LANGUAGE_STANDARD = "gnu++14";
				CLANG_CXX_LIBRARY = "libc++";
				CLANG_ENABLE_MODULES = YES;
				CLANG_ENABLE_OBJC_ARC = YES;
				CLANG_ENABLE_OBJC_WEAK = YES;
				CLANG_WARN_BLOCK_CAPTURE_AUTORELEASING = YES;
				CLANG_WARN_BOOL_CONVERSION = YES;
				CLANG_WARN_COMMA = YES;
				CLANG_WARN_CONSTANT_CONVERSION = YES;
				CLANG_WARN_DEPRECATED_OBJC_IMPLEMENTATIONS = YES;
				CLANG_WARN_DIRECT_OBJC_ISA_USAGE = YES_ERROR;
				CLANG_WARN_DOCUMENTATION_COMMENTS = YES;
				CLANG_WARN_EMPTY_BODY = YES;
				CLANG_WARN_ENUM_CONVERSION = YES;
				CLANG_WARN_INFINITE_RECURSION = YES;
				CLANG_WARN_INT_CONVERSION = YES;
				CLANG_WARN_NON_LITERAL_NULL_CONVERSION = YES;
				CLANG_WARN_OBJC_IMPLICIT_RETAIN_SELF = YES;
				CLANG_WARN_OBJC_LITERAL_CONVERSION = YES;
				CLANG_WARN_OBJC_ROOT_CLASS = YES_ERROR;
				CLANG_WARN_QUOTED_INCLUDE_IN_FRAMEWORK_HEADER = YES;
				CLANG_WARN_RANGE_LOOP_ANALYSIS = YES;
				CLANG_WARN_STRICT_PROTOTYPES = YES;
				CLANG_WARN_SUSPICIOUS_MOVE = YES;
				CLANG_WARN_UNGUARDED_AVAILABILITY = YES_AGGRESSIVE;
				CLANG_WARN_UNREACHABLE_CODE = YES;
				CLANG_WARN__DUPLICATE_METHOD_MATCH = YES;
				COPY_PHASE_STRIP = NO;
				DEBUG_INFORMATION_FORMAT = "dwarf-with-dsym";
				ENABLE_NS_ASSERTIONS = NO;
				ENABLE_STRICT_OBJC_MSGSEND = YES;
				GCC_C_LANGUAGE_STANDARD = gnu11;
				GCC_NO_COMMON_BLOCKS = YES;
				GCC_WARN_64_TO_32_BIT_CONVERSION = YES;
				GCC_WARN_ABOUT_RETURN_TYPE = YES_ERROR;
				GCC_WARN_UNDECLARED_SELECTOR = YES;
				GCC_WARN_UNINITIALIZED_AUTOS = YES_AGGRESSIVE;
				GCC_WARN_UNUSED_FUNCTION = YES;
				GCC_WARN_UNUSED_VARIABLE = YES;
				IPHONEOS_DEPLOYMENT_TARGET = 13.0;
				MTL_ENABLE_DEBUG_INFO = NO;
				MTL_FAST_MATH = YES;
				SDKROOT = iphoneos;
				SWIFT_COMPILATION_MODE = wholemodule;
				SWIFT_OPTIMIZATION_LEVEL = "-O";
				VALIDATE_PRODUCT = YES;
			};
			name = Release;
		};
		D6B043FC25AC935A005DEDAE /* Debug */ = {
			isa = XCBuildConfiguration;
			buildSettings = {
				ASSETCATALOG_COMPILER_APPICON_NAME = AppIcon;
				ASSETCATALOG_COMPILER_GLOBAL_ACCENT_COLOR_NAME = AccentColor;
				CODE_SIGN_STYLE = Automatic;
				DEVELOPMENT_TEAM = KQV3NPDGFZ;
				INFOPLIST_FILE = FortunaVulkan/Info.plist;
				LD_RUNPATH_SEARCH_PATHS = (
					"$(inherited)",
					"@executable_path/Frameworks",
				);
				PRODUCT_BUNDLE_IDENTIFIER = com.ssw.vulkan;
				PRODUCT_NAME = "$(TARGET_NAME)";
				SWIFT_VERSION = 5.0;
				TARGETED_DEVICE_FAMILY = "1,2";
			};
			name = Debug;
		};
		D6B043FD25AC935A005DEDAE /* Release */ = {
			isa = XCBuildConfiguration;
			buildSettings = {
				ASSETCATALOG_COMPILER_APPICON_NAME = AppIcon;
				ASSETCATALOG_COMPILER_GLOBAL_ACCENT_COLOR_NAME = AccentColor;
				CODE_SIGN_STYLE = Automatic;
				DEVELOPMENT_TEAM = KQV3NPDGFZ;
				INFOPLIST_FILE = FortunaVulkan/Info.plist;
				LD_RUNPATH_SEARCH_PATHS = (
					"$(inherited)",
					"@executable_path/Frameworks",
				);
				PRODUCT_BUNDLE_IDENTIFIER = com.ssw.vulkan;
				PRODUCT_NAME = "$(TARGET_NAME)";
				SWIFT_VERSION = 5.0;
				TARGETED_DEVICE_FAMILY = "1,2";
			};
			name = Release;
		};
		D6B043FF25AC935A005DEDAE /* Debug */ = {
			isa = XCBuildConfiguration;
			buildSettings = {
				ALWAYS_EMBED_SWIFT_STANDARD_LIBRARIES = YES;
				BUNDLE_LOADER = "$(TEST_HOST)";
				CODE_SIGN_STYLE = Automatic;
				DEVELOPMENT_TEAM = 7B9KJ7AN3Z;
				INFOPLIST_FILE = WKWebViewTests/Info.plist;
				IPHONEOS_DEPLOYMENT_TARGET = 14.2;
				LD_RUNPATH_SEARCH_PATHS = (
					"$(inherited)",
					"@executable_path/Frameworks",
					"@loader_path/Frameworks",
				);
				PRODUCT_BUNDLE_IDENTIFIER = InfixSoft.WKWebViewTests;
				PRODUCT_NAME = "$(TARGET_NAME)";
				SWIFT_VERSION = 5.0;
				TARGETED_DEVICE_FAMILY = "1,2";
				TEST_HOST = "$(BUILT_PRODUCTS_DIR)/Fortuna Vulkan.app/Fortuna Vulkan";
			};
			name = Debug;
		};
		D6B0440025AC935A005DEDAE /* Release */ = {
			isa = XCBuildConfiguration;
			buildSettings = {
				ALWAYS_EMBED_SWIFT_STANDARD_LIBRARIES = YES;
				BUNDLE_LOADER = "$(TEST_HOST)";
				CODE_SIGN_STYLE = Automatic;
				DEVELOPMENT_TEAM = 7B9KJ7AN3Z;
				INFOPLIST_FILE = WKWebViewTests/Info.plist;
				IPHONEOS_DEPLOYMENT_TARGET = 14.2;
				LD_RUNPATH_SEARCH_PATHS = (
					"$(inherited)",
					"@executable_path/Frameworks",
					"@loader_path/Frameworks",
				);
				PRODUCT_BUNDLE_IDENTIFIER = InfixSoft.WKWebViewTests;
				PRODUCT_NAME = "$(TARGET_NAME)";
				SWIFT_VERSION = 5.0;
				TARGETED_DEVICE_FAMILY = "1,2";
				TEST_HOST = "$(BUILT_PRODUCTS_DIR)/Fortuna Vulkan.app/Fortuna Vulkan";
			};
			name = Release;
		};
		D6B0440225AC935A005DEDAE /* Debug */ = {
			isa = XCBuildConfiguration;
			buildSettings = {
				ALWAYS_EMBED_SWIFT_STANDARD_LIBRARIES = YES;
				CODE_SIGN_STYLE = Automatic;
				DEVELOPMENT_TEAM = 7B9KJ7AN3Z;
				INFOPLIST_FILE = WKWebViewUITests/Info.plist;
				LD_RUNPATH_SEARCH_PATHS = (
					"$(inherited)",
					"@executable_path/Frameworks",
					"@loader_path/Frameworks",
				);
				PRODUCT_BUNDLE_IDENTIFIER = InfixSoft.WKWebViewUITests;
				PRODUCT_NAME = "$(TARGET_NAME)";
				SWIFT_VERSION = 5.0;
				TARGETED_DEVICE_FAMILY = "1,2";
				TEST_TARGET_NAME = WKWebView;
			};
			name = Debug;
		};
		D6B0440325AC935A005DEDAE /* Release */ = {
			isa = XCBuildConfiguration;
			buildSettings = {
				ALWAYS_EMBED_SWIFT_STANDARD_LIBRARIES = YES;
				CODE_SIGN_STYLE = Automatic;
				DEVELOPMENT_TEAM = 7B9KJ7AN3Z;
				INFOPLIST_FILE = WKWebViewUITests/Info.plist;
				LD_RUNPATH_SEARCH_PATHS = (
					"$(inherited)",
					"@executable_path/Frameworks",
					"@loader_path/Frameworks",
				);
				PRODUCT_BUNDLE_IDENTIFIER = InfixSoft.WKWebViewUITests;
				PRODUCT_NAME = "$(TARGET_NAME)";
				SWIFT_VERSION = 5.0;
				TARGETED_DEVICE_FAMILY = "1,2";
				TEST_TARGET_NAME = WKWebView;
			};
			name = Release;
		};
/* End XCBuildConfiguration section */

/* Begin XCConfigurationList section */
		D6B043CC25AC9357005DEDAE /* Build configuration list for PBXProject "Fortuna Vulkan" */ = {
			isa = XCConfigurationList;
			buildConfigurations = (
				D6B043F925AC935A005DEDAE /* Debug */,
				D6B043FA25AC935A005DEDAE /* Release */,
			);
			defaultConfigurationIsVisible = 0;
			defaultConfigurationName = Release;
		};
		D6B043FB25AC935A005DEDAE /* Build configuration list for PBXNativeTarget "Fortuna Vulkan" */ = {
			isa = XCConfigurationList;
			buildConfigurations = (
				D6B043FC25AC935A005DEDAE /* Debug */,
				D6B043FD25AC935A005DEDAE /* Release */,
			);
			defaultConfigurationIsVisible = 0;
			defaultConfigurationName = Release;
		};
		D6B043FE25AC935A005DEDAE /* Build configuration list for PBXNativeTarget "Fortuna VulkanTests" */ = {
			isa = XCConfigurationList;
			buildConfigurations = (
				D6B043FF25AC935A005DEDAE /* Debug */,
				D6B0440025AC935A005DEDAE /* Release */,
			);
			defaultConfigurationIsVisible = 0;
			defaultConfigurationName = Release;
		};
		D6B0440125AC935A005DEDAE /* Build configuration list for PBXNativeTarget "Fortuna VulkanUITests" */ = {
			isa = XCConfigurationList;
			buildConfigurations = (
				D6B0440225AC935A005DEDAE /* Debug */,
				D6B0440325AC935A005DEDAE /* Release */,
			);
			defaultConfigurationIsVisible = 0;
			defaultConfigurationName = Release;
		};
/* End XCConfigurationList section */
	};
	rootObject = D6B043C925AC9357005DEDAE /* Project object */;
}
